
Microsoft Visual Studio Solution File, Format Version 12.00
# Visual Studio Version 16
VisualStudioVersion = 16.0.32413.511
MinimumVisualStudioVersion = 10.0.40219.1
Project("{FAE04EC0-301F-11D3-BF4B-00C04F79EFBC}") = "ALgoritmica", "ALgoritmica\ALgoritmica.csproj", "{054782FD-F4AD-424C-B568-7B46B28B106E}"
EndProject
Global
	GlobalSection(SolutionConfigurationPlatforms) = preSolution
		Debug|Any CPU = Debug|Any CPU
		Release|Any CPU = Release|Any CPU
	EndGlobalSection
	GlobalSection(ProjectConfigurationPlatforms) = postSolution
		{054782FD-F4AD-424C-B568-7B46B28B106E}.Debug|Any CPU.ActiveCfg = Debug|Any CPU
		{054782FD-F4AD-424C-B568-7B46B28B106E}.Debug|Any CPU.Build.0 = Debug|Any CPU
		{054782FD-F4AD-424C-B568-7B46B28B106E}.Release|Any CPU.ActiveCfg = Release|Any CPU
		{054782FD-F4AD-424C-B568-7B46B28B106E}.Release|Any CPU.Build.0 = Release|Any CPU
	EndGlobalSection
	GlobalSection(SolutionProperties) = preSolution
		HideSolutionNode = FALSE
	EndGlobalSection
	GlobalSection(ExtensibilityGlobals) = postSolution
		SolutionGuid = {21DB8BD3-690D-4DF2-A0E2-CC386243B62A}
	EndGlobalSection
EndGlobal
